
Microsoft Visual Studio Solution File, Format Version 12.00
# Visual Studio Version 17
VisualStudioVersion = 17.14.36518.9
MinimumVisualStudioVersion = 10.0.40219.1
Project("{FAE04EC0-301F-11D3-BF4B-00C04F79EFBC}") = "SOA_CA1_BlazorApp", "SOA_CA1_BlazorApp.csproj", "{BD411982-B66F-41D0-932C-F41071903EDC}"
EndProject
Project("{FAE04EC0-301F-11D3-BF4B-00C04F79EFBC}") = "SOATests", "..\SOATests\SOATests.csproj", "{1A23B9E1-6F30-4725-8668-3DDEAC87DA6E}"
EndProject
Global
	GlobalSection(SolutionConfigurationPlatforms) = preSolution
		Debug|Any CPU = Debug|Any CPU
		Release|Any CPU = Release|Any CPU
	EndGlobalSection
	GlobalSection(ProjectConfigurationPlatforms) = postSolution
		{BD411982-B66F-41D0-932C-F41071903EDC}.Debug|Any CPU.ActiveCfg = Debug|Any CPU
		{BD411982-B66F-41D0-932C-F41071903EDC}.Debug|Any CPU.Build.0 = Debug|Any CPU
		{BD411982-B66F-41D0-932C-F41071903EDC}.Release|Any CPU.ActiveCfg = Release|Any CPU
		{BD411982-B66F-41D0-932C-F41071903EDC}.Release|Any CPU.Build.0 = Release|Any CPU
		{1A23B9E1-6F30-4725-8668-3DDEAC87DA6E}.Debug|Any CPU.ActiveCfg = Debug|Any CPU
		{1A23B9E1-6F30-4725-8668-3DDEAC87DA6E}.Debug|Any CPU.Build.0 = Debug|Any CPU
		{1A23B9E1-6F30-4725-8668-3DDEAC87DA6E}.Release|Any CPU.ActiveCfg = Release|Any CPU
		{1A23B9E1-6F30-4725-8668-3DDEAC87DA6E}.Release|Any CPU.Build.0 = Release|Any CPU
	EndGlobalSection
	GlobalSection(SolutionProperties) = preSolution
		HideSolutionNode = FALSE
	EndGlobalSection
	GlobalSection(ExtensibilityGlobals) = postSolution
		SolutionGuid = {E097AB61-C3A0-482E-A6FD-20D20A4C7730}
	EndGlobalSection
EndGlobal
